
Microsoft Visual Studio Solution File, Format Version 11.00
# Visual Studio 2010
Project("{8BC9CEB8-8B4A-11D0-8D11-00A0C91BC942}") = "Project 150.4", "Project 150.4\Project 150.4.vcxproj", "{C355018C-1691-4BFD-95E1-1978A7E9C35E}"
EndProject
Global
	GlobalSection(SolutionConfigurationPlatforms) = preSolution
		Debug|Win32 = Debug|Win32
		Release|Win32 = Release|Win32
	EndGlobalSection
	GlobalSection(ProjectConfigurationPlatforms) = postSolution
		{C355018C-1691-4BFD-95E1-1978A7E9C35E}.Debug|Win32.ActiveCfg = Debug|Win32
		{C355018C-1691-4BFD-95E1-1978A7E9C35E}.Debug|Win32.Build.0 = Debug|Win32
		{C355018C-1691-4BFD-95E1-1978A7E9C35E}.Release|Win32.ActiveCfg = Release|Win32
		{C355018C-1691-4BFD-95E1-1978A7E9C35E}.Release|Win32.Build.0 = Release|Win32
	EndGlobalSection
	GlobalSection(SolutionProperties) = preSolution
		HideSolutionNode = FALSE
	EndGlobalSection
EndGlobal
