
Microsoft Visual Studio Solution File, Format Version 11.00
# Visual Studio 2010
Project("{8BC9CEB8-8B4A-11D0-8D11-00A0C91BC942}") = "Project 150.2", "Project 150.2\Project 150.2.vcxproj", "{AAD137C9-C0A7-4303-A1C0-8AD746574B3A}"
EndProject
Global
	GlobalSection(SolutionConfigurationPlatforms) = preSolution
		Debug|Win32 = Debug|Win32
		Release|Win32 = Release|Win32
	EndGlobalSection
	GlobalSection(ProjectConfigurationPlatforms) = postSolution
		{AAD137C9-C0A7-4303-A1C0-8AD746574B3A}.Debug|Win32.ActiveCfg = Debug|Win32
		{AAD137C9-C0A7-4303-A1C0-8AD746574B3A}.Debug|Win32.Build.0 = Debug|Win32
		{AAD137C9-C0A7-4303-A1C0-8AD746574B3A}.Release|Win32.ActiveCfg = Release|Win32
		{AAD137C9-C0A7-4303-A1C0-8AD746574B3A}.Release|Win32.Build.0 = Release|Win32
	EndGlobalSection
	GlobalSection(SolutionProperties) = preSolution
		HideSolutionNode = FALSE
	EndGlobalSection
EndGlobal
